
Microsoft Visual Studio Solution File, Format Version 12.00
# Visual Studio 2013
VisualStudioVersion = 12.0.31101.0
MinimumVisualStudioVersion = 10.0.40219.1
Project("{FAE04EC0-301F-11D3-BF4B-00C04F79EFBC}") = "PCExpert.WebApp", "PCExpert.WebApp\PCExpert.WebApp.csproj", "{E95EC9FF-EA4C-46AA-B6AC-27D2F6A4C947}"
EndProject
Project("{2150E333-8FDC-42A3-9474-1A3956D46DE8}") = "Tests", "Tests", "{5235EA3F-1742-46DE-A5E4-844EBE5C1F63}"
EndProject
Project("{FAE04EC0-301F-11D3-BF4B-00C04F79EFBC}") = "PCExpert.Core.Domain", "PCExpert.Core.Domain\PCExpert.Core.Domain.csproj", "{8CB3EFF3-9938-4443-9287-184A7E0364A8}"
EndProject
Project("{FAE04EC0-301F-11D3-BF4B-00C04F79EFBC}") = "PCExpert.Core.Domain.Tests", "PCExpert.Core.Domain.Tests\PCExpert.Core.Domain.Tests.csproj", "{F8D2CC61-DB32-4CBC-8829-1D21BBC87CEE}"
EndProject
Global
	GlobalSection(SolutionConfigurationPlatforms) = preSolution
		Debug|Any CPU = Debug|Any CPU
		Release|Any CPU = Release|Any CPU
	EndGlobalSection
	GlobalSection(ProjectConfigurationPlatforms) = postSolution
		{E95EC9FF-EA4C-46AA-B6AC-27D2F6A4C947}.Debug|Any CPU.ActiveCfg = Debug|Any CPU
		{E95EC9FF-EA4C-46AA-B6AC-27D2F6A4C947}.Debug|Any CPU.Build.0 = Debug|Any CPU
		{E95EC9FF-EA4C-46AA-B6AC-27D2F6A4C947}.Release|Any CPU.ActiveCfg = Release|Any CPU
		{E95EC9FF-EA4C-46AA-B6AC-27D2F6A4C947}.Release|Any CPU.Build.0 = Release|Any CPU
		{8CB3EFF3-9938-4443-9287-184A7E0364A8}.Debug|Any CPU.ActiveCfg = Debug|Any CPU
		{8CB3EFF3-9938-4443-9287-184A7E0364A8}.Debug|Any CPU.Build.0 = Debug|Any CPU
		{8CB3EFF3-9938-4443-9287-184A7E0364A8}.Release|Any CPU.ActiveCfg = Release|Any CPU
		{8CB3EFF3-9938-4443-9287-184A7E0364A8}.Release|Any CPU.Build.0 = Release|Any CPU
		{F8D2CC61-DB32-4CBC-8829-1D21BBC87CEE}.Debug|Any CPU.ActiveCfg = Debug|Any CPU
		{F8D2CC61-DB32-4CBC-8829-1D21BBC87CEE}.Debug|Any CPU.Build.0 = Debug|Any CPU
		{F8D2CC61-DB32-4CBC-8829-1D21BBC87CEE}.Release|Any CPU.ActiveCfg = Release|Any CPU
		{F8D2CC61-DB32-4CBC-8829-1D21BBC87CEE}.Release|Any CPU.Build.0 = Release|Any CPU
	EndGlobalSection
	GlobalSection(SolutionProperties) = preSolution
		HideSolutionNode = FALSE
	EndGlobalSection
	GlobalSection(NestedProjects) = preSolution
		{F8D2CC61-DB32-4CBC-8829-1D21BBC87CEE} = {5235EA3F-1742-46DE-A5E4-844EBE5C1F63}
	EndGlobalSection
EndGlobal
